# THIS IS AN AUTOGENERATED FILE. DO NOT EDIT THIS FILE DIRECTLY.
# yarn lockfile v1


"@popperjs/core@^2.0.0", "@popperjs/core@^2.11.8":
  "integrity" "sha512-P1st0aksCrn9sGZhp8GMYwBnQsbvAWsZAX44oXNNvLHGqAOcoVxmjZiohstwQ7SqKnbR47akdNi+uleWD8+g6A=="
  "resolved" "https://registry.npmjs.org/@popperjs/core/-/core-2.11.8.tgz"
  "version" "2.11.8"

"ajv-formats@^2.1.1":
  "integrity" "sha512-Wx0Kx52hxE7C18hkMEggYlEifqWZtYaRgouJor+WMdPnQyEK13vgEWyVNup7SoeeoLMsr4kf5h6dOW11I15MUA=="
  "resolved" "https://registry.npmjs.org/ajv-formats/-/ajv-formats-2.1.1.tgz"
  "version" "2.1.1"
  dependencies:
    "ajv" "^8.0.0"

"ajv@^8.0.0":
  "integrity" "sha512-sRu1kpcO9yLtYxBKvqfTeh9KzZEwO3STyX1HT+4CaDzC6HpTGYhIhPIzj9XuKU7KYDwnaeh5hcOwjy1QuJzBPA=="
  "resolved" "https://registry.npmjs.org/ajv/-/ajv-8.12.0.tgz"
  "version" "8.12.0"
  dependencies:
    "fast-deep-equal" "^3.1.1"
    "json-schema-traverse" "^1.0.0"
    "require-from-string" "^2.0.2"
    "uri-js" "^4.2.2"

"ajv@^8.6.3":
  "integrity" "sha512-sRu1kpcO9yLtYxBKvqfTeh9KzZEwO3STyX1HT+4CaDzC6HpTGYhIhPIzj9XuKU7KYDwnaeh5hcOwjy1QuJzBPA=="
  "resolved" "https://registry.npmjs.org/ajv/-/ajv-8.12.0.tgz"
  "version" "8.12.0"
  dependencies:
    "fast-deep-equal" "^3.1.1"
    "json-schema-traverse" "^1.0.0"
    "require-from-string" "^2.0.2"
    "uri-js" "^4.2.2"

"atomically@^1.7.0":
  "integrity" "sha512-Xcz9l0z7y9yQ9rdDaxlmaI4uJHf/T8g9hOEzJcsEqX2SjCj4J20uK7+ldkDHMbpJDK76wF7xEIgxc/vSlsfw5w=="
  "resolved" "https://registry.npmjs.org/atomically/-/atomically-1.7.0.tgz"
  "version" "1.7.0"

"bootbox@^6.0.0":
  "integrity" "sha512-+Calbj1v5UvxAXXDAHfoBlsx63Hcz1JqHaZdJ5EjIcOlkyAbZLCreVScx0Em6ZUvsMCqynuz/3nGDyd9FtFrNQ=="
  "resolved" "https://registry.npmjs.org/bootbox/-/bootbox-6.0.0.tgz"
  "version" "6.0.0"

"bootstrap@^4.4.0 || ^5.0.0", "bootstrap@^5.3.2":
  "integrity" "sha512-D32nmNWiQHo94BKHLmOrdjlL05q1c8oxbtBphQFb9Z5to6eGRDCm0QgeaZ4zFBHzfg2++rqa2JkqCcxDy0sH0g=="
  "resolved" "https://registry.npmjs.org/bootstrap/-/bootstrap-5.3.2.tgz"
  "version" "5.3.2"

"conf@^10.2.0":
  "integrity" "sha512-8fLl9F04EJqjSqH+QjITQfJF8BrOVaYr1jewVgSRAEWePfxT0sku4w2hrGQ60BC/TNLGQ2pgxNlTbWQmMPFvXg=="
  "resolved" "https://registry.npmjs.org/conf/-/conf-10.2.0.tgz"
  "version" "10.2.0"
  dependencies:
    "ajv" "^8.6.3"
    "ajv-formats" "^2.1.1"
    "atomically" "^1.7.0"
    "debounce-fn" "^4.0.0"
    "dot-prop" "^6.0.1"
    "env-paths" "^2.2.1"
    "json-schema-typed" "^7.0.3"
    "onetime" "^5.1.2"
    "pkg-up" "^3.1.0"
    "semver" "^7.3.5"

"debounce-fn@^4.0.0":
  "integrity" "sha512-8pYCQiL9Xdcg0UPSD3d+0KMlOjp+KGU5EPwYddgzQ7DATsg4fuUDjQtsYLmWjnk2obnNHgV3vE2Y4jejSOJVBQ=="
  "resolved" "https://registry.npmjs.org/debounce-fn/-/debounce-fn-4.0.0.tgz"
  "version" "4.0.0"
  dependencies:
    "mimic-fn" "^3.0.0"

"debug@^2.2.0":
  "integrity" "sha512-bC7ElrdJaJnPbAP+1EotYvqZsb3ecl5wi6Bfi6BJTUcNowp6cvspg0jXznRTKDjm/E7AdgFBVeAPVMNcKGsHMA=="
  "resolved" "https://registry.npmjs.org/debug/-/debug-2.6.9.tgz"
  "version" "2.6.9"
  dependencies:
    "ms" "2.0.0"

"dot-prop@^6.0.1":
  "integrity" "sha512-tE7ztYzXHIeyvc7N+hR3oi7FIbf/NIjVP9hmAt3yMXzrQ072/fpjGLx2GxNxGxUl5V73MEqYzioOMoVhGMJ5cA=="
  "resolved" "https://registry.npmjs.org/dot-prop/-/dot-prop-6.0.1.tgz"
  "version" "6.0.1"
  dependencies:
    "is-obj" "^2.0.0"

"electron-squirrel-startup@^1.0.0":
  "integrity" "sha512-Oce8mvgGdFmwr+DsAcXBmFK8jFfN6yaFAP9IvyhTfupM3nFkBku/7VS/mdtJteWumImkC6P+BKGsxScoDDkv9Q=="
  "resolved" "https://registry.npmjs.org/electron-squirrel-startup/-/electron-squirrel-startup-1.0.0.tgz"
  "version" "1.0.0"
  dependencies:
    "debug" "^2.2.0"

"electron-store@^8.1.0":
  "integrity" "sha512-2clHg/juMjOH0GT9cQ6qtmIvK183B39ZXR0bUoPwKwYHJsEF3quqyDzMFUAu+0OP8ijmN2CbPRAelhNbWUbzwA=="
  "resolved" "https://registry.npmjs.org/electron-store/-/electron-store-8.1.0.tgz"
  "version" "8.1.0"
  dependencies:
    "conf" "^10.2.0"
    "type-fest" "^2.17.0"

"env-paths@^2.2.1":
  "integrity" "sha512-+h1lkLKhZMTYjog1VEpJNG7NZJWcuc2DDk/qsqSTRRCOXiLjeQ1d1/udrUGhqMxUgAlwKNZ0cf2uqan5GLuS2A=="
  "resolved" "https://registry.npmjs.org/env-paths/-/env-paths-2.2.1.tgz"
  "version" "2.2.1"

"fast-deep-equal@^3.1.1":
  "integrity" "sha512-f3qQ9oQy9j2AhBe/H9VC91wLmKBCCU/gDOnKNAYG5hswO7BLKj09Hc5HYNz9cGI++xlpDCIgDaitVs03ATR84Q=="
  "resolved" "https://registry.npmjs.org/fast-deep-equal/-/fast-deep-equal-3.1.3.tgz"
  "version" "3.1.3"

"find-up@^3.0.0":
  "integrity" "sha512-1yD6RmLI1XBfxugvORwlck6f75tYL+iR0jqwsOrOxMZyGYqUuDhJ0l4AXdO1iX/FTs9cBAMEk1gWSEx1kSbylg=="
  "resolved" "https://registry.npmjs.org/find-up/-/find-up-3.0.0.tgz"
  "version" "3.0.0"
  dependencies:
    "locate-path" "^3.0.0"

"github-url-to-object@^4.0.4":
  "integrity" "sha512-NaqbYHMUAlPcmWFdrAB7bcxrNIiiJWJe8s/2+iOc9vlcHlwHqSGrPk+Yi3nu6ebTwgsZEa7igz+NH2vEq3gYwQ=="
  "resolved" "https://registry.npmjs.org/github-url-to-object/-/github-url-to-object-4.0.6.tgz"
  "version" "4.0.6"
  dependencies:
    "is-url" "^1.1.0"

"glyphicons-only-bootstrap@^1.0.1":
  "integrity" "sha512-A1zP7yDUC/3+GUFbVTaTw9X2xZWNPLMp0BOsAmkLoWmo1KaNpG1qGdPYo8JnzwGueJ2HQAYvlP9S9OcmcObzHA=="
  "resolved" "https://registry.npmjs.org/glyphicons-only-bootstrap/-/glyphicons-only-bootstrap-1.0.1.tgz"
  "version" "1.0.1"

"is-obj@^2.0.0":
  "integrity" "sha512-drqDG3cbczxxEJRoOXcOjtdp1J/lyp1mNn0xaznRs8+muBhgQcrnbspox5X5fOw0HnMnbfDzvnEMEtqDEJEo8w=="
  "resolved" "https://registry.npmjs.org/is-obj/-/is-obj-2.0.0.tgz"
  "version" "2.0.0"

"is-url@^1.1.0", "is-url@^1.2.4":
  "integrity" "sha512-ITvGim8FhRiYe4IQ5uHSkj7pVaPDrCTkNd3yq3cV7iZAcJdHTUMPMEHcqSOy9xZ9qFenQCvi+2wjH9a1nXqHww=="
  "resolved" "https://registry.npmjs.org/is-url/-/is-url-1.2.4.tgz"
  "version" "1.2.4"

"jquery@^3.5.1", "jquery@^3.7.1":
  "integrity" "sha512-m4avr8yL8kmFN8psrbFFFmB/If14iN5o9nw/NgnnM+kybDJpRsAynV2BsfpTYrTRysYUdADVD7CkUUizgkpLfg=="
  "resolved" "https://registry.npmjs.org/jquery/-/jquery-3.7.1.tgz"
  "version" "3.7.1"

"json-schema-traverse@^1.0.0":
  "integrity" "sha512-NM8/P9n3XjXhIZn1lLhkFaACTOURQXjWhV4BA/RnOv8xvgqtqpAX9IO4mRQxSx1Rlo4tqzeqb0sOlruaOy3dug=="
  "resolved" "https://registry.npmjs.org/json-schema-traverse/-/json-schema-traverse-1.0.0.tgz"
  "version" "1.0.0"

"json-schema-typed@^7.0.3":
  "integrity" "sha512-7DE8mpG+/fVw+dTpjbxnx47TaMnDfOI1jwft9g1VybltZCduyRQPJPvc+zzKY9WPHxhPWczyFuYa6I8Mw4iU5A=="
  "resolved" "https://registry.npmjs.org/json-schema-typed/-/json-schema-typed-7.0.3.tgz"
  "version" "7.0.3"

"locate-path@^3.0.0":
  "integrity" "sha512-7AO748wWnIhNqAuaty2ZWHkQHRSNfPVIsPIfwEOWO22AmaoVrWavlOcMR5nzTLNYvp36X220/maaRsrec1G65A=="
  "resolved" "https://registry.npmjs.org/locate-path/-/locate-path-3.0.0.tgz"
  "version" "3.0.0"
  dependencies:
    "p-locate" "^3.0.0"
    "path-exists" "^3.0.0"

"lru-cache@^6.0.0":
  "integrity" "sha512-Jo6dJ04CmSjuznwJSS3pUeWmd/H0ffTlkXXgwZi+eq1UCmqQwCh+eLsYOYCwY991i2Fah4h1BEMCx4qThGbsiA=="
  "resolved" "https://registry.npmjs.org/lru-cache/-/lru-cache-6.0.0.tgz"
  "version" "6.0.0"
  dependencies:
    "yallist" "^4.0.0"

"mimic-fn@^2.1.0":
  "integrity" "sha512-OqbOk5oEQeAZ8WXWydlu9HJjz9WVdEIvamMCcXmuqUYjTknH/sqsWvhQ3vgwKFRR1HpjvNBKQ37nbJgYzGqGcg=="
  "resolved" "https://registry.npmjs.org/mimic-fn/-/mimic-fn-2.1.0.tgz"
  "version" "2.1.0"

"mimic-fn@^3.0.0":
  "integrity" "sha512-Ysbi9uYW9hFyfrThdDEQuykN4Ey6BuwPD2kpI5ES/nFTDn/98yxYNLZJcgUAKPT/mcrLLKaGzJR9YVxJrIdASQ=="
  "resolved" "https://registry.npmjs.org/mimic-fn/-/mimic-fn-3.1.0.tgz"
  "version" "3.1.0"

"ms@^2.1.1":
  "integrity" "sha512-sGkPx+VjMtmA6MX27oA4FBFELFCZZ4S4XqeGOXCv68tT+jb3vk/RyaKWP0PTKyWtmLSM0b+adUTEvbs1PEaH2w=="
  "resolved" "https://registry.npmjs.org/ms/-/ms-2.1.2.tgz"
  "version" "2.1.2"

"ms@2.0.0":
  "integrity" "sha512-Tpp60P6IUJDTuOq/5Z8cdskzJujfwqfOTkrwIwj7IRISpnkJnT6SyJ4PCPnGMoFjC9ddhal5KVIYtAt97ix05A=="
  "resolved" "https://registry.npmjs.org/ms/-/ms-2.0.0.tgz"
  "version" "2.0.0"

"onetime@^5.1.2":
  "integrity" "sha512-kbpaSSGJTWdAY5KPVeMOKXSrPtr8C8C7wodJbcsd51jRnmD+GZu8Y0VoU6Dm5Z4vWr0Ig/1NKuWRKf7j5aaYSg=="
  "resolved" "https://registry.npmjs.org/onetime/-/onetime-5.1.2.tgz"
  "version" "5.1.2"
  dependencies:
    "mimic-fn" "^2.1.0"

"p-limit@^2.0.0":
  "integrity" "sha512-//88mFWSJx8lxCzwdAABTJL2MyWB12+eIY7MDL2SqLmAkeKU9qxRvWuSyTjm3FUmpBEMuFfckAIqEaVGUDxb6w=="
  "resolved" "https://registry.npmjs.org/p-limit/-/p-limit-2.3.0.tgz"
  "version" "2.3.0"
  dependencies:
    "p-try" "^2.0.0"

"p-locate@^3.0.0":
  "integrity" "sha512-x+12w/To+4GFfgJhBEpiDcLozRJGegY+Ei7/z0tSLkMmxGZNybVMSfWj9aJn8Z5Fc7dBUNJOOVgPv2H7IwulSQ=="
  "resolved" "https://registry.npmjs.org/p-locate/-/p-locate-3.0.0.tgz"
  "version" "3.0.0"
  dependencies:
    "p-limit" "^2.0.0"

"p-try@^2.0.0":
  "integrity" "sha512-R4nPAVTAU0B9D35/Gk3uJf/7XYbQcyohSKdvAxIRSNghFl4e71hVoGnBNQz9cWaXxO2I10KTC+3jMdvvoKw6dQ=="
  "resolved" "https://registry.npmjs.org/p-try/-/p-try-2.2.0.tgz"
  "version" "2.2.0"

"path-exists@^3.0.0":
  "integrity" "sha512-bpC7GYwiDYQ4wYLe+FA8lhRjhQCMcQGuSgGGqDkg/QerRWw9CmGRT0iSOVRSZJ29NMLZgIzqaljJ63oaL4NIJQ=="
  "resolved" "https://registry.npmjs.org/path-exists/-/path-exists-3.0.0.tgz"
  "version" "3.0.0"

"pkg-up@^3.1.0":
  "integrity" "sha512-nDywThFk1i4BQK4twPQ6TA4RT8bDY96yeuCVBWL3ePARCiEKDRSrNGbFIgUJpLp+XeIR65v8ra7WuJOFUBtkMA=="
  "resolved" "https://registry.npmjs.org/pkg-up/-/pkg-up-3.1.0.tgz"
  "version" "3.1.0"
  dependencies:
    "find-up" "^3.0.0"

"punycode@^2.1.0":
  "integrity" "sha512-vYt7UD1U9Wg6138shLtLOvdAu+8DsC/ilFtEVHcH+wydcSpNE20AfSOduf6MkRFahL5FY7X1oU7nKVZFtfq8Fg=="
  "resolved" "https://registry.npmjs.org/punycode/-/punycode-2.3.1.tgz"
  "version" "2.3.1"

"require-from-string@^2.0.2":
  "integrity" "sha512-Xf0nWe6RseziFMu+Ap9biiUbmplq6S9/p+7w7YXP/JBHhrUDDUhwa+vANyubuqfZWTveU//DYVGsDG7RKL/vEw=="
  "resolved" "https://registry.npmjs.org/require-from-string/-/require-from-string-2.0.2.tgz"
  "version" "2.0.2"

"semver@^7.3.5":
  "integrity" "sha512-1bCSESV6Pv+i21Hvpxp3Dx+pSD8lIPt8uVjRrxAUt/nbswYc+tK6Y2btiULjd4+fnq15PX+nqQDC7Oft7WkwcA=="
  "resolved" "https://registry.npmjs.org/semver/-/semver-7.5.4.tgz"
  "version" "7.5.4"
  dependencies:
    "lru-cache" "^6.0.0"

"type-fest@^2.17.0":
  "integrity" "sha512-RAH822pAdBgcNMAfWnCBU3CFZcfZ/i1eZjwFU/dsLKumyuuP3niueg2UAukXYF0E2AAoc82ZSSf9J0WQBinzHA=="
  "resolved" "https://registry.npmjs.org/type-fest/-/type-fest-2.19.0.tgz"
  "version" "2.19.0"

"update-electron-app@^3.0.0":
  "integrity" "sha512-Ccs46fgUEcMpSRPMNw82DFMux2MGi5tkKkEpV723JmtPNI3qAtxvTeiYkKczN2/LehA3U7JGrGr4MhraxGdRTw=="
  "resolved" "https://registry.npmjs.org/update-electron-app/-/update-electron-app-3.0.0.tgz"
  "version" "3.0.0"
  dependencies:
    "github-url-to-object" "^4.0.4"
    "is-url" "^1.2.4"
    "ms" "^2.1.1"

"uri-js@^4.2.2":
  "integrity" "sha512-7rKUyy33Q1yc98pQ1DAmLtwX109F7TIfWlW1Ydo8Wl1ii1SeHieeh0HHfPeL2fMXK6z0s8ecKs9frCuLJvndBg=="
  "resolved" "https://registry.npmjs.org/uri-js/-/uri-js-4.4.1.tgz"
  "version" "4.4.1"
  dependencies:
    "punycode" "^2.1.0"

"yallist@^4.0.0":
  "integrity" "sha512-3wdGidZyq5PB084XLES5TpOSRA3wjXAlIWMhum2kRcv/41Sn2emQ0dycQW4uZXLejwKvg6EsvbdlVL+FYEct7A=="
  "resolved" "https://registry.npmjs.org/yallist/-/yallist-4.0.0.tgz"
  "version" "4.0.0"
